
Microsoft Visual Studio Solution File, Format Version 12.00
# Visual Studio Version 16
VisualStudioVersion = 16.0.29209.62
MinimumVisualStudioVersion = 10.0.40219.1
Project("{FAE04EC0-301F-11D3-BF4B-00C04F79EFBC}") = "GelatoUI", "GelatoUI\GelatoUI.csproj", "{3BCED207-555A-4F7D-A2F9-0C4E3AF3A02E}"
EndProject
Project("{FAE04EC0-301F-11D3-BF4B-00C04F79EFBC}") = "GelatoDataLayer", "GelatoDataLayer\GelatoDataLayer.csproj", "{496C1D4A-845B-4432-B699-80524308C5F8}"
EndProject
Global
	GlobalSection(SolutionConfigurationPlatforms) = preSolution
		Debug|Any CPU = Debug|Any CPU
		Release|Any CPU = Release|Any CPU
	EndGlobalSection
	GlobalSection(ProjectConfigurationPlatforms) = postSolution
		{3BCED207-555A-4F7D-A2F9-0C4E3AF3A02E}.Debug|Any CPU.ActiveCfg = Debug|Any CPU
		{3BCED207-555A-4F7D-A2F9-0C4E3AF3A02E}.Debug|Any CPU.Build.0 = Debug|Any CPU
		{3BCED207-555A-4F7D-A2F9-0C4E3AF3A02E}.Release|Any CPU.ActiveCfg = Release|Any CPU
		{3BCED207-555A-4F7D-A2F9-0C4E3AF3A02E}.Release|Any CPU.Build.0 = Release|Any CPU
		{496C1D4A-845B-4432-B699-80524308C5F8}.Debug|Any CPU.ActiveCfg = Debug|Any CPU
		{496C1D4A-845B-4432-B699-80524308C5F8}.Debug|Any CPU.Build.0 = Debug|Any CPU
		{496C1D4A-845B-4432-B699-80524308C5F8}.Release|Any CPU.ActiveCfg = Release|Any CPU
		{496C1D4A-845B-4432-B699-80524308C5F8}.Release|Any CPU.Build.0 = Release|Any CPU
	EndGlobalSection
	GlobalSection(SolutionProperties) = preSolution
		HideSolutionNode = FALSE
	EndGlobalSection
	GlobalSection(ExtensibilityGlobals) = postSolution
		SolutionGuid = {82D8535F-4F51-4DE6-86AE-338988176610}
	EndGlobalSection
EndGlobal
